
Microsoft Visual Studio Solution File, Format Version 12.00
# Visual Studio Version 16
VisualStudioVersion = 16.0.31515.178
MinimumVisualStudioVersion = 10.0.40219.1
Project("{FAE04EC0-301F-11D3-BF4B-00C04F79EFBC}") = "TestSearch", "TestSearch.csproj", "{6F86D12C-BC41-499C-95B2-A80461FFE1E3}"
EndProject
Project("{FAE04EC0-301F-11D3-BF4B-00C04F79EFBC}") = "TestSearch.Tests", "..\TestSearch.Tests\TestSearch.Tests.csproj", "{32AD9C81-A98C-4820-912A-8C2C5EE9BFB6}"
EndProject
Project("{FAE04EC0-301F-11D3-BF4B-00C04F79EFBC}") = "DataLayer", "..\DataLayer\DataLayer.csproj", "{86EE448F-2479-4731-8ACF-931B668B786C}"
EndProject
Global
	GlobalSection(SolutionConfigurationPlatforms) = preSolution
		Debug|Any CPU = Debug|Any CPU
		Release|Any CPU = Release|Any CPU
	EndGlobalSection
	GlobalSection(ProjectConfigurationPlatforms) = postSolution
		{6F86D12C-BC41-499C-95B2-A80461FFE1E3}.Debug|Any CPU.ActiveCfg = Debug|Any CPU
		{6F86D12C-BC41-499C-95B2-A80461FFE1E3}.Debug|Any CPU.Build.0 = Debug|Any CPU
		{6F86D12C-BC41-499C-95B2-A80461FFE1E3}.Release|Any CPU.ActiveCfg = Release|Any CPU
		{6F86D12C-BC41-499C-95B2-A80461FFE1E3}.Release|Any CPU.Build.0 = Release|Any CPU
		{32AD9C81-A98C-4820-912A-8C2C5EE9BFB6}.Debug|Any CPU.ActiveCfg = Debug|Any CPU
		{32AD9C81-A98C-4820-912A-8C2C5EE9BFB6}.Debug|Any CPU.Build.0 = Debug|Any CPU
		{32AD9C81-A98C-4820-912A-8C2C5EE9BFB6}.Release|Any CPU.ActiveCfg = Release|Any CPU
		{32AD9C81-A98C-4820-912A-8C2C5EE9BFB6}.Release|Any CPU.Build.0 = Release|Any CPU
		{86EE448F-2479-4731-8ACF-931B668B786C}.Debug|Any CPU.ActiveCfg = Debug|Any CPU
		{86EE448F-2479-4731-8ACF-931B668B786C}.Debug|Any CPU.Build.0 = Debug|Any CPU
		{86EE448F-2479-4731-8ACF-931B668B786C}.Release|Any CPU.ActiveCfg = Release|Any CPU
		{86EE448F-2479-4731-8ACF-931B668B786C}.Release|Any CPU.Build.0 = Release|Any CPU
	EndGlobalSection
	GlobalSection(SolutionProperties) = preSolution
		HideSolutionNode = FALSE
	EndGlobalSection
	GlobalSection(ExtensibilityGlobals) = postSolution
		SolutionGuid = {FAB8D1DC-6551-4BA6-BD60-C0202E7EFBA0}
	EndGlobalSection
EndGlobal
